
Microsoft Visual Studio Solution File, Format Version 12.00
# Visual Studio Version 16
VisualStudioVersion = 16.0.30611.23
MinimumVisualStudioVersion = 15.0.26124.0
Project("{FAE04EC0-301F-11D3-BF4B-00C04F79EFBC}") = "FunctionApp", "src\FunctionApp\FunctionApp.csproj", "{94EC115F-EEDF-4C49-974C-86C4C8802F61}"
EndProject
Project("{2150E333-8FDC-42A3-9474-1A3956D46DE8}") = "tests", "tests", "{295E2064-B6FE-4DBF-B245-06242F171192}"
EndProject
Project("{9A19103F-16F7-4668-BE54-9A1E7A4F7556}") = "FunctionAppBenchmark", "tests\FunctionAppBenchmark\FunctionAppBenchmark.csproj", "{0B8F6236-2F56-4FBF-B797-D2FA69A3A37E}"
EndProject
Global
	GlobalSection(SolutionConfigurationPlatforms) = preSolution
		Debug|Any CPU = Debug|Any CPU
		Debug|x64 = Debug|x64
		Debug|x86 = Debug|x86
		Release|Any CPU = Release|Any CPU
		Release|x64 = Release|x64
		Release|x86 = Release|x86
	EndGlobalSection
	GlobalSection(ProjectConfigurationPlatforms) = postSolution
		{94EC115F-EEDF-4C49-974C-86C4C8802F61}.Debug|Any CPU.ActiveCfg = Debug|Any CPU
		{94EC115F-EEDF-4C49-974C-86C4C8802F61}.Debug|Any CPU.Build.0 = Debug|Any CPU
		{94EC115F-EEDF-4C49-974C-86C4C8802F61}.Debug|x64.ActiveCfg = Debug|Any CPU
		{94EC115F-EEDF-4C49-974C-86C4C8802F61}.Debug|x64.Build.0 = Debug|Any CPU
		{94EC115F-EEDF-4C49-974C-86C4C8802F61}.Debug|x86.ActiveCfg = Debug|Any CPU
		{94EC115F-EEDF-4C49-974C-86C4C8802F61}.Debug|x86.Build.0 = Debug|Any CPU
		{94EC115F-EEDF-4C49-974C-86C4C8802F61}.Release|Any CPU.ActiveCfg = Release|Any CPU
		{94EC115F-EEDF-4C49-974C-86C4C8802F61}.Release|Any CPU.Build.0 = Release|Any CPU
		{94EC115F-EEDF-4C49-974C-86C4C8802F61}.Release|x64.ActiveCfg = Release|Any CPU
		{94EC115F-EEDF-4C49-974C-86C4C8802F61}.Release|x64.Build.0 = Release|Any CPU
		{94EC115F-EEDF-4C49-974C-86C4C8802F61}.Release|x86.ActiveCfg = Release|Any CPU
		{94EC115F-EEDF-4C49-974C-86C4C8802F61}.Release|x86.Build.0 = Release|Any CPU
		{0B8F6236-2F56-4FBF-B797-D2FA69A3A37E}.Debug|Any CPU.ActiveCfg = Debug|Any CPU
		{0B8F6236-2F56-4FBF-B797-D2FA69A3A37E}.Debug|Any CPU.Build.0 = Debug|Any CPU
		{0B8F6236-2F56-4FBF-B797-D2FA69A3A37E}.Debug|x64.ActiveCfg = Debug|Any CPU
		{0B8F6236-2F56-4FBF-B797-D2FA69A3A37E}.Debug|x64.Build.0 = Debug|Any CPU
		{0B8F6236-2F56-4FBF-B797-D2FA69A3A37E}.Debug|x86.ActiveCfg = Debug|Any CPU
		{0B8F6236-2F56-4FBF-B797-D2FA69A3A37E}.Debug|x86.Build.0 = Debug|Any CPU
		{0B8F6236-2F56-4FBF-B797-D2FA69A3A37E}.Release|Any CPU.ActiveCfg = Release|Any CPU
		{0B8F6236-2F56-4FBF-B797-D2FA69A3A37E}.Release|Any CPU.Build.0 = Release|Any CPU
		{0B8F6236-2F56-4FBF-B797-D2FA69A3A37E}.Release|x64.ActiveCfg = Release|Any CPU
		{0B8F6236-2F56-4FBF-B797-D2FA69A3A37E}.Release|x64.Build.0 = Release|Any CPU
		{0B8F6236-2F56-4FBF-B797-D2FA69A3A37E}.Release|x86.ActiveCfg = Release|Any CPU
		{0B8F6236-2F56-4FBF-B797-D2FA69A3A37E}.Release|x86.Build.0 = Release|Any CPU
	EndGlobalSection
	GlobalSection(SolutionProperties) = preSolution
		HideSolutionNode = FALSE
	EndGlobalSection
	GlobalSection(NestedProjects) = preSolution
		{0B8F6236-2F56-4FBF-B797-D2FA69A3A37E} = {295E2064-B6FE-4DBF-B245-06242F171192}
	EndGlobalSection
	GlobalSection(ExtensibilityGlobals) = postSolution
		SolutionGuid = {FFA61E2B-44E6-415E-A119-D82CEF6C374C}
	EndGlobalSection
EndGlobal
